
Microsoft Visual Studio Solution File, Format Version 12.00
# Visual Studio 15
VisualStudioVersion = 15.0.28010.2041
MinimumVisualStudioVersion = 10.0.40219.1
Project("{9A19103F-16F7-4668-BE54-9A1E7A4F7556}") = "WuMortal.Dmhy", "WuMortal.Dmhy\WuMortal.Dmhy.csproj", "{203B98AF-9399-43DC-8489-918F6F85113F}"
EndProject
Project("{9A19103F-16F7-4668-BE54-9A1E7A4F7556}") = "WuMortal.Dmhy.Test", "WuMortal.Dmhy.Test\WuMortal.Dmhy.Test.csproj", "{51218459-2DD1-4E96-AC9E-ACD925245B99}"
EndProject
Global
	GlobalSection(SolutionConfigurationPlatforms) = preSolution
		Debug|Any CPU = Debug|Any CPU
		Release|Any CPU = Release|Any CPU
	EndGlobalSection
	GlobalSection(ProjectConfigurationPlatforms) = postSolution
		{203B98AF-9399-43DC-8489-918F6F85113F}.Debug|Any CPU.ActiveCfg = Debug|Any CPU
		{203B98AF-9399-43DC-8489-918F6F85113F}.Debug|Any CPU.Build.0 = Debug|Any CPU
		{203B98AF-9399-43DC-8489-918F6F85113F}.Release|Any CPU.ActiveCfg = Release|Any CPU
		{203B98AF-9399-43DC-8489-918F6F85113F}.Release|Any CPU.Build.0 = Release|Any CPU
		{51218459-2DD1-4E96-AC9E-ACD925245B99}.Debug|Any CPU.ActiveCfg = Debug|Any CPU
		{51218459-2DD1-4E96-AC9E-ACD925245B99}.Debug|Any CPU.Build.0 = Debug|Any CPU
		{51218459-2DD1-4E96-AC9E-ACD925245B99}.Release|Any CPU.ActiveCfg = Release|Any CPU
		{51218459-2DD1-4E96-AC9E-ACD925245B99}.Release|Any CPU.Build.0 = Release|Any CPU
	EndGlobalSection
	GlobalSection(SolutionProperties) = preSolution
		HideSolutionNode = FALSE
	EndGlobalSection
	GlobalSection(ExtensibilityGlobals) = postSolution
		SolutionGuid = {690963E6-179F-476D-A31F-289850421D38}
	EndGlobalSection
EndGlobal
